// !$*UTF8*$!
{
	archiveVersion = 1;
	classes = {
	};
	objectVersion = 50;
	objects = {

/* Begin PBXBuildFile section */
		9C54BA6722367F4A002E27DE /* AppDelegate.swift in Sources */ = {isa = PBXBuildFile; fileRef = 9C54BA6622367F4A002E27DE /* AppDelegate.swift */; };
		9C54BA6E22367F4B002E27DE /* Assets.xcassets in Resources */ = {isa = PBXBuildFile; fileRef = 9C54BA6D22367F4B002E27DE /* Assets.xcassets */; };
		9C54BA7122367F4B002E27DE /* LaunchScreen.storyboard in Resources */ = {isa = PBXBuildFile; fileRef = 9C54BA6F22367F4B002E27DE /* LaunchScreen.storyboard */; };
		9C54BA7C22367F4B002E27DE /* GlovoTests.swift in Sources */ = {isa = PBXBuildFile; fileRef = 9C54BA7B22367F4B002E27DE /* GlovoTests.swift */; };
		9C54BA87223684BC002E27DE /* Router.swift in Sources */ = {isa = PBXBuildFile; fileRef = 9C54BA86223684BC002E27DE /* Router.swift */; };
		9CC290B52236ADB700279F90 /* Constants.swift in Sources */ = {isa = PBXBuildFile; fileRef = 9CC290B42236ADB700279F90 /* Constants.swift */; };
		9CC290CD2236B0BF00279F90 /* Country.swift in Sources */ = {isa = PBXBuildFile; fileRef = 9CC290CC2236B0BF00279F90 /* Country.swift */; };
		9CC290CF2236B0D800279F90 /* City.swift in Sources */ = {isa = PBXBuildFile; fileRef = 9CC290CE2236B0D800279F90 /* City.swift */; };
		9CC290D52236B4FF00279F90 /* Map.ViewController.swift in Sources */ = {isa = PBXBuildFile; fileRef = 9CC290D42236B4FF00279F90 /* Map.ViewController.swift */; };
		9CC290D72236B63000279F90 /* Map.Interactor.swift in Sources */ = {isa = PBXBuildFile; fileRef = 9CC290D62236B63000279F90 /* Map.Interactor.swift */; };
		9CC290D92236B6C200279F90 /* Map.Presenter.swift in Sources */ = {isa = PBXBuildFile; fileRef = 9CC290D82236B6C200279F90 /* Map.Presenter.swift */; };
		9CC290DB2236B78400279F90 /* Map.Entity.swift in Sources */ = {isa = PBXBuildFile; fileRef = 9CC290DA2236B78400279F90 /* Map.Entity.swift */; };
		9CC290DD2236B79A00279F90 /* Map.Router.swift in Sources */ = {isa = PBXBuildFile; fileRef = 9CC290DC2236B79A00279F90 /* Map.Router.swift */; };
		9CC290DF2236B7BF00279F90 /* Map.Builder.swift in Sources */ = {isa = PBXBuildFile; fileRef = 9CC290DE2236B7BF00279F90 /* Map.Builder.swift */; };
		9CC290E32236B95C00279F90 /* String+Localizable.swift in Sources */ = {isa = PBXBuildFile; fileRef = 9CC290E22236B95C00279F90 /* String+Localizable.swift */; };
		9CC290E52236B99700279F90 /* Localizable.strings in Resources */ = {isa = PBXBuildFile; fileRef = 9CC290E42236B99700279F90 /* Localizable.strings */; };
		9CC290E72236B9BA00279F90 /* InfoPlist.strings in Resources */ = {isa = PBXBuildFile; fileRef = 9CC290E62236B9BA00279F90 /* InfoPlist.strings */; };
		9CC290E92236BAC800279F90 /* Typealias.swift in Sources */ = {isa = PBXBuildFile; fileRef = 9CC290E82236BAC800279F90 /* Typealias.swift */; };
		A00EF443651ED4993D758CBD /* Pods_GlovoTests.framework in Frameworks */ = {isa = PBXBuildFile; fileRef = EF4BCE2DA48652D9D8C4AD18 /* Pods_GlovoTests.framework */; };
		F3468355D1B752AFC537ACE8 /* Pods_Glovo.framework in Frameworks */ = {isa = PBXBuildFile; fileRef = ACCB1FC197F0B6A294C96542 /* Pods_Glovo.framework */; };
/* End PBXBuildFile section */

/* Begin PBXContainerItemProxy section */
		9C54BA7822367F4B002E27DE /* PBXContainerItemProxy */ = {
			isa = PBXContainerItemProxy;
			containerPortal = 9C54BA5B22367F4A002E27DE /* Project object */;
			proxyType = 1;
			remoteGlobalIDString = 9C54BA6222367F4A002E27DE;
			remoteInfo = Glovo;
		};
/* End PBXContainerItemProxy section */

/* Begin PBXFileReference section */
		12589E117F56601277CEA1A2 /* Pods-Glovo.release.xcconfig */ = {isa = PBXFileReference; includeInIndex = 1; lastKnownFileType = text.xcconfig; name = "Pods-Glovo.release.xcconfig"; path = "Pods/Target Support Files/Pods-Glovo/Pods-Glovo.release.xcconfig"; sourceTree = "<group>"; };
		9C54BA6322367F4A002E27DE /* Glovo.app */ = {isa = PBXFileReference; explicitFileType = wrapper.application; includeInIndex = 0; path = Glovo.app; sourceTree = BUILT_PRODUCTS_DIR; };
		9C54BA6622367F4A002E27DE /* AppDelegate.swift */ = {isa = PBXFileReference; lastKnownFileType = sourcecode.swift; path = AppDelegate.swift; sourceTree = "<group>"; };
		9C54BA6D22367F4B002E27DE /* Assets.xcassets */ = {isa = PBXFileReference; lastKnownFileType = folder.assetcatalog; path = Assets.xcassets; sourceTree = "<group>"; };
		9C54BA7022367F4B002E27DE /* Base */ = {isa = PBXFileReference; lastKnownFileType = file.storyboard; name = Base; path = Base.lproj/LaunchScreen.storyboard; sourceTree = "<group>"; };
		9C54BA7222367F4B002E27DE /* Info.plist */ = {isa = PBXFileReference; lastKnownFileType = text.plist.xml; path = Info.plist; sourceTree = "<group>"; };
		9C54BA7722367F4B002E27DE /* GlovoTests.xctest */ = {isa = PBXFileReference; explicitFileType = wrapper.cfbundle; includeInIndex = 0; path = GlovoTests.xctest; sourceTree = BUILT_PRODUCTS_DIR; };
		9C54BA7B22367F4B002E27DE /* GlovoTests.swift */ = {isa = PBXFileReference; lastKnownFileType = sourcecode.swift; path = GlovoTests.swift; sourceTree = "<group>"; };
		9C54BA7D22367F4B002E27DE /* Info.plist */ = {isa = PBXFileReference; lastKnownFileType = text.plist.xml; path = Info.plist; sourceTree = "<group>"; };
		9C54BA86223684BC002E27DE /* Router.swift */ = {isa = PBXFileReference; lastKnownFileType = sourcecode.swift; path = Router.swift; sourceTree = "<group>"; };
		9CC290AF2236A59A00279F90 /* Debug.xcconfig */ = {isa = PBXFileReference; lastKnownFileType = text.xcconfig; path = Debug.xcconfig; sourceTree = "<group>"; };
		9CC290B02236A5A700279F90 /* Release.xcconfig */ = {isa = PBXFileReference; lastKnownFileType = text.xcconfig; path = Release.xcconfig; sourceTree = "<group>"; };
		9CC290B42236ADB700279F90 /* Constants.swift */ = {isa = PBXFileReference; lastKnownFileType = sourcecode.swift; path = Constants.swift; sourceTree = "<group>"; };
		9CC290CC2236B0BF00279F90 /* Country.swift */ = {isa = PBXFileReference; lastKnownFileType = sourcecode.swift; path = Country.swift; sourceTree = "<group>"; };
		9CC290CE2236B0D800279F90 /* City.swift */ = {isa = PBXFileReference; lastKnownFileType = sourcecode.swift; path = City.swift; sourceTree = "<group>"; };
		9CC290D42236B4FF00279F90 /* Map.ViewController.swift */ = {isa = PBXFileReference; lastKnownFileType = sourcecode.swift; path = Map.ViewController.swift; sourceTree = "<group>"; };
		9CC290D62236B63000279F90 /* Map.Interactor.swift */ = {isa = PBXFileReference; lastKnownFileType = sourcecode.swift; path = Map.Interactor.swift; sourceTree = "<group>"; };
		9CC290D82236B6C200279F90 /* Map.Presenter.swift */ = {isa = PBXFileReference; lastKnownFileType = sourcecode.swift; path = Map.Presenter.swift; sourceTree = "<group>"; };
		9CC290DA2236B78400279F90 /* Map.Entity.swift */ = {isa = PBXFileReference; lastKnownFileType = sourcecode.swift; path = Map.Entity.swift; sourceTree = "<group>"; };
		9CC290DC2236B79A00279F90 /* Map.Router.swift */ = {isa = PBXFileReference; lastKnownFileType = sourcecode.swift; path = Map.Router.swift; sourceTree = "<group>"; };
		9CC290DE2236B7BF00279F90 /* Map.Builder.swift */ = {isa = PBXFileReference; lastKnownFileType = sourcecode.swift; path = Map.Builder.swift; sourceTree = "<group>"; };
		9CC290E22236B95C00279F90 /* String+Localizable.swift */ = {isa = PBXFileReference; lastKnownFileType = sourcecode.swift; path = "String+Localizable.swift"; sourceTree = "<group>"; };
		9CC290E42236B99700279F90 /* Localizable.strings */ = {isa = PBXFileReference; lastKnownFileType = text.plist.strings; path = Localizable.strings; sourceTree = "<group>"; };
		9CC290E62236B9BA00279F90 /* InfoPlist.strings */ = {isa = PBXFileReference; lastKnownFileType = text.plist.strings; path = InfoPlist.strings; sourceTree = "<group>"; };
		9CC290E82236BAC800279F90 /* Typealias.swift */ = {isa = PBXFileReference; lastKnownFileType = sourcecode.swift; path = Typealias.swift; sourceTree = "<group>"; };
		9DBA1E8F770F51C178AE42A8 /* Pods-GlovoTests.release.xcconfig */ = {isa = PBXFileReference; includeInIndex = 1; lastKnownFileType = text.xcconfig; name = "Pods-GlovoTests.release.xcconfig"; path = "Pods/Target Support Files/Pods-GlovoTests/Pods-GlovoTests.release.xcconfig"; sourceTree = "<group>"; };
		ACCB1FC197F0B6A294C96542 /* Pods_Glovo.framework */ = {isa = PBXFileReference; explicitFileType = wrapper.framework; includeInIndex = 0; path = Pods_Glovo.framework; sourceTree = BUILT_PRODUCTS_DIR; };
		BA59336280E6815F8D35A204 /* Pods-GlovoTests.debug.xcconfig */ = {isa = PBXFileReference; includeInIndex = 1; lastKnownFileType = text.xcconfig; name = "Pods-GlovoTests.debug.xcconfig"; path = "Pods/Target Support Files/Pods-GlovoTests/Pods-GlovoTests.debug.xcconfig"; sourceTree = "<group>"; };
		EF4BCE2DA48652D9D8C4AD18 /* Pods_GlovoTests.framework */ = {isa = PBXFileReference; explicitFileType = wrapper.framework; includeInIndex = 0; path = Pods_GlovoTests.framework; sourceTree = BUILT_PRODUCTS_DIR; };
		F2DE0A03F2F841A495183C1B /* Pods-Glovo.debug.xcconfig */ = {isa = PBXFileReference; includeInIndex = 1; lastKnownFileType = text.xcconfig; name = "Pods-Glovo.debug.xcconfig"; path = "Pods/Target Support Files/Pods-Glovo/Pods-Glovo.debug.xcconfig"; sourceTree = "<group>"; };
/* End PBXFileReference section */

/* Begin PBXFrameworksBuildPhase section */
		9C54BA6022367F4A002E27DE /* Frameworks */ = {
			isa = PBXFrameworksBuildPhase;
			buildActionMask = 2147483647;
			files = (
				F3468355D1B752AFC537ACE8 /* Pods_Glovo.framework in Frameworks */,
			);
			runOnlyForDeploymentPostprocessing = 0;
		};
		9C54BA7422367F4B002E27DE /* Frameworks */ = {
			isa = PBXFrameworksBuildPhase;
			buildActionMask = 2147483647;
			files = (
				A00EF443651ED4993D758CBD /* Pods_GlovoTests.framework in Frameworks */,
			);
			runOnlyForDeploymentPostprocessing = 0;
		};
/* End PBXFrameworksBuildPhase section */

/* Begin PBXGroup section */
		597AEA4D3B435987AF8D402C /* Frameworks */ = {
			isa = PBXGroup;
			children = (
				ACCB1FC197F0B6A294C96542 /* Pods_Glovo.framework */,
				EF4BCE2DA48652D9D8C4AD18 /* Pods_GlovoTests.framework */,
			);
			name = Frameworks;
			sourceTree = "<group>";
		};
		9C54BA5A22367F4A002E27DE = {
			isa = PBXGroup;
			children = (
				9C54BA6522367F4A002E27DE /* Glovo */,
				9C54BA7A22367F4B002E27DE /* GlovoTests */,
				9C54BA6422367F4A002E27DE /* Products */,
				E8892593DC4A7E93036EAD4B /* Pods */,
				597AEA4D3B435987AF8D402C /* Frameworks */,
			);
			sourceTree = "<group>";
		};
		9C54BA6422367F4A002E27DE /* Products */ = {
			isa = PBXGroup;
			children = (
				9C54BA6322367F4A002E27DE /* Glovo.app */,
				9C54BA7722367F4B002E27DE /* GlovoTests.xctest */,
			);
			name = Products;
			sourceTree = "<group>";
		};
		9C54BA6522367F4A002E27DE /* Glovo */ = {
			isa = PBXGroup;
			children = (
				9CC290D22236B4DF00279F90 /* View Scenes */,
				9CC290B12236AD7A00279F90 /* Interactor */,
				9CC290E02236B86E00279F90 /* Protocols */,
				9CC290CB2236B0A700279F90 /* Entities */,
				9C54BA86223684BC002E27DE /* Router.swift */,
				9C54BA6622367F4A002E27DE /* AppDelegate.swift */,
				9CC290AC2236A56000279F90 /* Support */,
			);
			path = Glovo;
			sourceTree = "<group>";
		};
		9C54BA7A22367F4B002E27DE /* GlovoTests */ = {
			isa = PBXGroup;
			children = (
				9C54BA7B22367F4B002E27DE /* GlovoTests.swift */,
				9C54BA7D22367F4B002E27DE /* Info.plist */,
			);
			path = GlovoTests;
			sourceTree = "<group>";
		};
		9CC290AC2236A56000279F90 /* Support */ = {
			isa = PBXGroup;
			children = (
				9CC290E12236B94400279F90 /* Localization */,
				9CC290D02236B49900279F90 /* Extensions */,
				9CC290AE2236A58800279F90 /* Configs */,
				9C54BA7222367F4B002E27DE /* Info.plist */,
				9CC290AD2236A56900279F90 /* Resources */,
				9CC290B42236ADB700279F90 /* Constants.swift */,
				9CC290E82236BAC800279F90 /* Typealias.swift */,
			);
			path = Support;
			sourceTree = "<group>";
		};
		9CC290AD2236A56900279F90 /* Resources */ = {
			isa = PBXGroup;
			children = (
				9C54BA6D22367F4B002E27DE /* Assets.xcassets */,
				9C54BA6F22367F4B002E27DE /* LaunchScreen.storyboard */,
			);
			path = Resources;
			sourceTree = "<group>";
		};
		9CC290AE2236A58800279F90 /* Configs */ = {
			isa = PBXGroup;
			children = (
				9CC290AF2236A59A00279F90 /* Debug.xcconfig */,
				9CC290B02236A5A700279F90 /* Release.xcconfig */,
			);
			path = Configs;
			sourceTree = "<group>";
		};
		9CC290CB2236B0A700279F90 /* Entities */ = {
			isa = PBXGroup;
			children = (
				9CC290CC2236B0BF00279F90 /* Country.swift */,
				9CC290CE2236B0D800279F90 /* City.swift */,
			);
			path = Entities;
			sourceTree = "<group>";
		};
		9CC290D22236B4DF00279F90 /* View Scenes */ = {
			isa = PBXGroup;
			children = (
				9CC290D32236B4EC00279F90 /* Map */,
			);
			path = "View Scenes";
			sourceTree = "<group>";
		};
		9CC290D32236B4EC00279F90 /* Map */ = {
			isa = PBXGroup;
			children = (
				9CC290D42236B4FF00279F90 /* Map.ViewController.swift */,
				9CC290D62236B63000279F90 /* Map.Interactor.swift */,
				9CC290D82236B6C200279F90 /* Map.Presenter.swift */,
				9CC290DA2236B78400279F90 /* Map.Entity.swift */,
				9CC290DC2236B79A00279F90 /* Map.Router.swift */,
				9CC290DE2236B7BF00279F90 /* Map.Builder.swift */,
			);
			path = Map;
			sourceTree = "<group>";
		};
		9CC290E02236B86E00279F90 /* Protocols */ = {
			isa = PBXGroup;
			children = (
			);
			path = Protocols;
			sourceTree = "<group>";
		};
		9CC290E12236B94400279F90 /* Localization */ = {
			isa = PBXGroup;
			children = (
				9CC290E22236B95C00279F90 /* String+Localizable.swift */,
				9CC290E42236B99700279F90 /* Localizable.strings */,
				9CC290E62236B9BA00279F90 /* InfoPlist.strings */,
			);
			path = Localization;
			sourceTree = "<group>";
		};
		E8892593DC4A7E93036EAD4B /* Pods */ = {
			isa = PBXGroup;
			children = (
				F2DE0A03F2F841A495183C1B /* Pods-Glovo.debug.xcconfig */,
				12589E117F56601277CEA1A2 /* Pods-Glovo.release.xcconfig */,
				BA59336280E6815F8D35A204 /* Pods-GlovoTests.debug.xcconfig */,
				9DBA1E8F770F51C178AE42A8 /* Pods-GlovoTests.release.xcconfig */,
			);
			name = Pods;
			sourceTree = "<group>";
		};
/* End PBXGroup section */

/* Begin PBXNativeTarget section */
		9C54BA6222367F4A002E27DE /* Glovo */ = {
			isa = PBXNativeTarget;
			buildConfigurationList = 9C54BA8022367F4B002E27DE /* Build configuration list for PBXNativeTarget "Glovo" */;
			buildPhases = (
				B4B8111BBDC981860E3F7B2F /* [CP] Check Pods Manifest.lock */,
				9C54BA5F22367F4A002E27DE /* Sources */,
				9C54BA6022367F4A002E27DE /* Frameworks */,
				9C54BA6122367F4A002E27DE /* Resources */,
				E0BB8BB8E482B74D2E7FC786 /* [CP] Embed Pods Frameworks */,
				5EF5E77012D99FC19C26BEF2 /* [CP] Copy Pods Resources */,
			);
			buildRules = (
			);
			dependencies = (
			);
			name = Glovo;
			productName = Glovo;
			productReference = 9C54BA6322367F4A002E27DE /* Glovo.app */;
			productType = "com.apple.product-type.application";
		};
		9C54BA7622367F4B002E27DE /* GlovoTests */ = {
			isa = PBXNativeTarget;
			buildConfigurationList = 9C54BA8322367F4B002E27DE /* Build configuration list for PBXNativeTarget "GlovoTests" */;
			buildPhases = (
				F3C24BA4C9202A8ECEE4F61E /* [CP] Check Pods Manifest.lock */,
				9C54BA7322367F4B002E27DE /* Sources */,
				9C54BA7422367F4B002E27DE /* Frameworks */,
				9C54BA7522367F4B002E27DE /* Resources */,
			);
			buildRules = (
			);
			dependencies = (
				9C54BA7922367F4B002E27DE /* PBXTargetDependency */,
			);
			name = GlovoTests;
			productName = GlovoTests;
			productReference = 9C54BA7722367F4B002E27DE /* GlovoTests.xctest */;
			productType = "com.apple.product-type.bundle.unit-test";
		};
/* End PBXNativeTarget section */

/* Begin PBXProject section */
		9C54BA5B22367F4A002E27DE /* Project object */ = {
			isa = PBXProject;
			attributes = {
				LastSwiftUpdateCheck = 1010;
				LastUpgradeCheck = 1010;
				ORGANIZATIONNAME = pesch.app;
				TargetAttributes = {
					9C54BA6222367F4A002E27DE = {
						CreatedOnToolsVersion = 10.1;
						SystemCapabilities = {
							com.apple.ApplicationGroups.iOS = {
								enabled = 0;
							};
						};
					};
					9C54BA7622367F4B002E27DE = {
						CreatedOnToolsVersion = 10.1;
						TestTargetID = 9C54BA6222367F4A002E27DE;
					};
				};
			};
			buildConfigurationList = 9C54BA5E22367F4A002E27DE /* Build configuration list for PBXProject "Glovo" */;
			compatibilityVersion = "Xcode 9.3";
			developmentRegion = en;
			hasScannedForEncodings = 0;
			knownRegions = (
				en,
				Base,
			);
			mainGroup = 9C54BA5A22367F4A002E27DE;
			productRefGroup = 9C54BA6422367F4A002E27DE /* Products */;
			projectDirPath = "";
			projectRoot = "";
			targets = (
				9C54BA6222367F4A002E27DE /* Glovo */,
				9C54BA7622367F4B002E27DE /* GlovoTests */,
			);
		};
/* End PBXProject section */

/* Begin PBXResourcesBuildPhase section */
		9C54BA6122367F4A002E27DE /* Resources */ = {
			isa = PBXResourcesBuildPhase;
			buildActionMask = 2147483647;
			files = (
				9C54BA7122367F4B002E27DE /* LaunchScreen.storyboard in Resources */,
				9CC290E72236B9BA00279F90 /* InfoPlist.strings in Resources */,
				9CC290E52236B99700279F90 /* Localizable.strings in Resources */,
				9C54BA6E22367F4B002E27DE /* Assets.xcassets in Resources */,
			);
			runOnlyForDeploymentPostprocessing = 0;
		};
		9C54BA7522367F4B002E27DE /* Resources */ = {
			isa = PBXResourcesBuildPhase;
			buildActionMask = 2147483647;
			files = (
			);
			runOnlyForDeploymentPostprocessing = 0;
		};
/* End PBXResourcesBuildPhase section */

/* Begin PBXShellScriptBuildPhase section */
		5EF5E77012D99FC19C26BEF2 /* [CP] Copy Pods Resources */ = {
			isa = PBXShellScriptBuildPhase;
			buildActionMask = 2147483647;
			files = (
			);
			inputPaths = (
				"${SRCROOT}/Pods/Target Support Files/Pods-Glovo/Pods-Glovo-resources.sh",
				"${PODS_ROOT}/GoogleMaps/Maps/Frameworks/GoogleMaps.framework/Resources/GoogleMaps.bundle",
			);
			name = "[CP] Copy Pods Resources";
			outputPaths = (
				"${TARGET_BUILD_DIR}/${UNLOCALIZED_RESOURCES_FOLDER_PATH}/GoogleMaps.bundle",
			);
			runOnlyForDeploymentPostprocessing = 0;
			shellPath = /bin/sh;
			shellScript = "\"${SRCROOT}/Pods/Target Support Files/Pods-Glovo/Pods-Glovo-resources.sh\"\n";
			showEnvVarsInLog = 0;
		};
		B4B8111BBDC981860E3F7B2F /* [CP] Check Pods Manifest.lock */ = {
			isa = PBXShellScriptBuildPhase;
			buildActionMask = 2147483647;
			files = (
			);
			inputPaths = (
				"${PODS_PODFILE_DIR_PATH}/Podfile.lock",
				"${PODS_ROOT}/Manifest.lock",
			);
			name = "[CP] Check Pods Manifest.lock";
			outputPaths = (
				"$(DERIVED_FILE_DIR)/Pods-Glovo-checkManifestLockResult.txt",
			);
			runOnlyForDeploymentPostprocessing = 0;
			shellPath = /bin/sh;
			shellScript = "diff \"${PODS_PODFILE_DIR_PATH}/Podfile.lock\" \"${PODS_ROOT}/Manifest.lock\" > /dev/null\nif [ $? != 0 ] ; then\n    # print error to STDERR\n    echo \"error: The sandbox is not in sync with the Podfile.lock. Run 'pod install' or update your CocoaPods installation.\" >&2\n    exit 1\nfi\n# This output is used by Xcode 'outputs' to avoid re-running this script phase.\necho \"SUCCESS\" > \"${SCRIPT_OUTPUT_FILE_0}\"\n";
			showEnvVarsInLog = 0;
		};
		E0BB8BB8E482B74D2E7FC786 /* [CP] Embed Pods Frameworks */ = {
			isa = PBXShellScriptBuildPhase;
			buildActionMask = 2147483647;
			files = (
			);
			inputPaths = (
				"${SRCROOT}/Pods/Target Support Files/Pods-Glovo/Pods-Glovo-frameworks.sh",
				"${BUILT_PRODUCTS_DIR}/Realm/Realm.framework",
				"${BUILT_PRODUCTS_DIR}/RealmSwift/RealmSwift.framework",
			);
			name = "[CP] Embed Pods Frameworks";
			outputPaths = (
				"${TARGET_BUILD_DIR}/${FRAMEWORKS_FOLDER_PATH}/Realm.framework",
				"${TARGET_BUILD_DIR}/${FRAMEWORKS_FOLDER_PATH}/RealmSwift.framework",
			);
			runOnlyForDeploymentPostprocessing = 0;
			shellPath = /bin/sh;
			shellScript = "\"${SRCROOT}/Pods/Target Support Files/Pods-Glovo/Pods-Glovo-frameworks.sh\"\n";
			showEnvVarsInLog = 0;
		};
		F3C24BA4C9202A8ECEE4F61E /* [CP] Check Pods Manifest.lock */ = {
			isa = PBXShellScriptBuildPhase;
			buildActionMask = 2147483647;
			files = (
			);
			inputPaths = (
				"${PODS_PODFILE_DIR_PATH}/Podfile.lock",
				"${PODS_ROOT}/Manifest.lock",
			);
			name = "[CP] Check Pods Manifest.lock";
			outputPaths = (
				"$(DERIVED_FILE_DIR)/Pods-GlovoTests-checkManifestLockResult.txt",
			);
			runOnlyForDeploymentPostprocessing = 0;
			shellPath = /bin/sh;
			shellScript = "diff \"${PODS_PODFILE_DIR_PATH}/Podfile.lock\" \"${PODS_ROOT}/Manifest.lock\" > /dev/null\nif [ $? != 0 ] ; then\n    # print error to STDERR\n    echo \"error: The sandbox is not in sync with the Podfile.lock. Run 'pod install' or update your CocoaPods installation.\" >&2\n    exit 1\nfi\n# This output is used by Xcode 'outputs' to avoid re-running this script phase.\necho \"SUCCESS\" > \"${SCRIPT_OUTPUT_FILE_0}\"\n";
			showEnvVarsInLog = 0;
		};
/* End PBXShellScriptBuildPhase section */

/* Begin PBXSourcesBuildPhase section */
		9C54BA5F22367F4A002E27DE /* Sources */ = {
			isa = PBXSourcesBuildPhase;
			buildActionMask = 2147483647;
			files = (
				9C54BA87223684BC002E27DE /* Router.swift in Sources */,
				9CC290CF2236B0D800279F90 /* City.swift in Sources */,
				9CC290D52236B4FF00279F90 /* Map.ViewController.swift in Sources */,
				9CC290DB2236B78400279F90 /* Map.Entity.swift in Sources */,
				9CC290DF2236B7BF00279F90 /* Map.Builder.swift in Sources */,
				9CC290D72236B63000279F90 /* Map.Interactor.swift in Sources */,
				9CC290D92236B6C200279F90 /* Map.Presenter.swift in Sources */,
				9C54BA6722367F4A002E27DE /* AppDelegate.swift in Sources */,
				9CC290B52236ADB700279F90 /* Constants.swift in Sources */,
				9CC290DD2236B79A00279F90 /* Map.Router.swift in Sources */,
				9CC290E92236BAC800279F90 /* Typealias.swift in Sources */,
				9CC290CD2236B0BF00279F90 /* Country.swift in Sources */,
				9CC290E32236B95C00279F90 /* String+Localizable.swift in Sources */,
			);
			runOnlyForDeploymentPostprocessing = 0;
		};
		9C54BA7322367F4B002E27DE /* Sources */ = {
			isa = PBXSourcesBuildPhase;
			buildActionMask = 2147483647;
			files = (
				9C54BA7C22367F4B002E27DE /* GlovoTests.swift in Sources */,
			);
			runOnlyForDeploymentPostprocessing = 0;
		};
/* End PBXSourcesBuildPhase section */

/* Begin PBXTargetDependency section */
		9C54BA7922367F4B002E27DE /* PBXTargetDependency */ = {
			isa = PBXTargetDependency;
			target = 9C54BA6222367F4A002E27DE /* Glovo */;
			targetProxy = 9C54BA7822367F4B002E27DE /* PBXContainerItemProxy */;
		};
/* End PBXTargetDependency section */

/* Begin PBXVariantGroup section */
		9C54BA6F22367F4B002E27DE /* LaunchScreen.storyboard */ = {
			isa = PBXVariantGroup;
			children = (
				9C54BA7022367F4B002E27DE /* Base */,
			);
			name = LaunchScreen.storyboard;
			sourceTree = "<group>";
		};
/* End PBXVariantGroup section */

/* Begin XCBuildConfiguration section */
		9C54BA7E22367F4B002E27DE /* Debug */ = {
			isa = XCBuildConfiguration;
			buildSettings = {
				ALWAYS_SEARCH_USER_PATHS = NO;
				CLANG_ANALYZER_NONNULL = YES;
				CLANG_ANALYZER_NUMBER_OBJECT_CONVERSION = YES_AGGRESSIVE;
				CLANG_CXX_LANGUAGE_STANDARD = "gnu++14";
				CLANG_CXX_LIBRARY = "libc++";
				CLANG_ENABLE_MODULES = YES;
				CLANG_ENABLE_OBJC_ARC = YES;
				CLANG_ENABLE_OBJC_WEAK = YES;
				CLANG_WARN_BLOCK_CAPTURE_AUTORELEASING = YES;
				CLANG_WARN_BOOL_CONVERSION = YES;
				CLANG_WARN_COMMA = YES;
				CLANG_WARN_CONSTANT_CONVERSION = YES;
				CLANG_WARN_DEPRECATED_OBJC_IMPLEMENTATIONS = YES;
				CLANG_WARN_DIRECT_OBJC_ISA_USAGE = YES_ERROR;
				CLANG_WARN_DOCUMENTATION_COMMENTS = YES;
				CLANG_WARN_EMPTY_BODY = YES;
				CLANG_WARN_ENUM_CONVERSION = YES;
				CLANG_WARN_INFINITE_RECURSION = YES;
				CLANG_WARN_INT_CONVERSION = YES;
				CLANG_WARN_NON_LITERAL_NULL_CONVERSION = YES;
				CLANG_WARN_OBJC_IMPLICIT_RETAIN_SELF = YES;
				CLANG_WARN_OBJC_LITERAL_CONVERSION = YES;
				CLANG_WARN_OBJC_ROOT_CLASS = YES_ERROR;
				CLANG_WARN_RANGE_LOOP_ANALYSIS = YES;
				CLANG_WARN_STRICT_PROTOTYPES = YES;
				CLANG_WARN_SUSPICIOUS_MOVE = YES;
				CLANG_WARN_UNGUARDED_AVAILABILITY = YES_AGGRESSIVE;
				CLANG_WARN_UNREACHABLE_CODE = YES;
				CLANG_WARN__DUPLICATE_METHOD_MATCH = YES;
				CODE_SIGN_IDENTITY = "iPhone Developer";
				COPY_PHASE_STRIP = NO;
				DEBUG_INFORMATION_FORMAT = dwarf;
				ENABLE_STRICT_OBJC_MSGSEND = YES;
				ENABLE_TESTABILITY = YES;
				GCC_C_LANGUAGE_STANDARD = gnu11;
				GCC_DYNAMIC_NO_PIC = NO;
				GCC_NO_COMMON_BLOCKS = YES;
				GCC_OPTIMIZATION_LEVEL = 0;
				GCC_PREPROCESSOR_DEFINITIONS = (
					"DEBUG=1",
					"$(inherited)",
				);
				GCC_WARN_64_TO_32_BIT_CONVERSION = YES;
				GCC_WARN_ABOUT_RETURN_TYPE = YES_ERROR;
				GCC_WARN_UNDECLARED_SELECTOR = YES;
				GCC_WARN_UNINITIALIZED_AUTOS = YES_AGGRESSIVE;
				GCC_WARN_UNUSED_FUNCTION = YES;
				GCC_WARN_UNUSED_VARIABLE = YES;
				IPHONEOS_DEPLOYMENT_TARGET = 12.1;
				MTL_ENABLE_DEBUG_INFO = INCLUDE_SOURCE;
				MTL_FAST_MATH = YES;
				ONLY_ACTIVE_ARCH = YES;
				SDKROOT = iphoneos;
				SWIFT_ACTIVE_COMPILATION_CONDITIONS = DEBUG;
				SWIFT_OPTIMIZATION_LEVEL = "-Onone";
			};
			name = Debug;
		};
		9C54BA7F22367F4B002E27DE /* Release */ = {
			isa = XCBuildConfiguration;
			buildSettings = {
				ALWAYS_SEARCH_USER_PATHS = NO;
				CLANG_ANALYZER_NONNULL = YES;
				CLANG_ANALYZER_NUMBER_OBJECT_CONVERSION = YES_AGGRESSIVE;
				CLANG_CXX_LANGUAGE_STANDARD = "gnu++14";
				CLANG_CXX_LIBRARY = "libc++";
				CLANG_ENABLE_MODULES = YES;
				CLANG_ENABLE_OBJC_ARC = YES;
				CLANG_ENABLE_OBJC_WEAK = YES;
				CLANG_WARN_BLOCK_CAPTURE_AUTORELEASING = YES;
				CLANG_WARN_BOOL_CONVERSION = YES;
				CLANG_WARN_COMMA = YES;
				CLANG_WARN_CONSTANT_CONVERSION = YES;
				CLANG_WARN_DEPRECATED_OBJC_IMPLEMENTATIONS = YES;
				CLANG_WARN_DIRECT_OBJC_ISA_USAGE = YES_ERROR;
				CLANG_WARN_DOCUMENTATION_COMMENTS = YES;
				CLANG_WARN_EMPTY_BODY = YES;
				CLANG_WARN_ENUM_CONVERSION = YES;
				CLANG_WARN_INFINITE_RECURSION = YES;
				CLANG_WARN_INT_CONVERSION = YES;
				CLANG_WARN_NON_LITERAL_NULL_CONVERSION = YES;
				CLANG_WARN_OBJC_IMPLICIT_RETAIN_SELF = YES;
				CLANG_WARN_OBJC_LITERAL_CONVERSION = YES;
				CLANG_WARN_OBJC_ROOT_CLASS = YES_ERROR;
				CLANG_WARN_RANGE_LOOP_ANALYSIS = YES;
				CLANG_WARN_STRICT_PROTOTYPES = YES;
				CLANG_WARN_SUSPICIOUS_MOVE = YES;
				CLANG_WARN_UNGUARDED_AVAILABILITY = YES_AGGRESSIVE;
				CLANG_WARN_UNREACHABLE_CODE = YES;
				CLANG_WARN__DUPLICATE_METHOD_MATCH = YES;
				CODE_SIGN_IDENTITY = "iPhone Developer";
				COPY_PHASE_STRIP = NO;
				DEBUG_INFORMATION_FORMAT = "dwarf-with-dsym";
				ENABLE_NS_ASSERTIONS = NO;
				ENABLE_STRICT_OBJC_MSGSEND = YES;
				GCC_C_LANGUAGE_STANDARD = gnu11;
				GCC_NO_COMMON_BLOCKS = YES;
				GCC_WARN_64_TO_32_BIT_CONVERSION = YES;
				GCC_WARN_ABOUT_RETURN_TYPE = YES_ERROR;
				GCC_WARN_UNDECLARED_SELECTOR = YES;
				GCC_WARN_UNINITIALIZED_AUTOS = YES_AGGRESSIVE;
				GCC_WARN_UNUSED_FUNCTION = YES;
				GCC_WARN_UNUSED_VARIABLE = YES;
				IPHONEOS_DEPLOYMENT_TARGET = 12.1;
				MTL_ENABLE_DEBUG_INFO = NO;
				MTL_FAST_MATH = YES;
				SDKROOT = iphoneos;
				SWIFT_COMPILATION_MODE = wholemodule;
				SWIFT_OPTIMIZATION_LEVEL = "-O";
				VALIDATE_PRODUCT = YES;
			};
			name = Release;
		};
		9C54BA8122367F4B002E27DE /* Debug */ = {
			isa = XCBuildConfiguration;
			baseConfigurationReference = 9CC290AF2236A59A00279F90 /* Debug.xcconfig */;
			buildSettings = {
				CODE_SIGN_STYLE = Automatic;
				DEVELOPMENT_TEAM = 76898M8GJ2;
				INFOPLIST_FILE = Glovo/Support/Info.plist;
				LD_RUNPATH_SEARCH_PATHS = (
					"$(inherited)",
					"@executable_path/Frameworks",
				);
				PRODUCT_NAME = "$(TARGET_NAME)";
				SWIFT_VERSION = 4.2;
				TARGETED_DEVICE_FAMILY = "1,2";
			};
			name = Debug;
		};
		9C54BA8222367F4B002E27DE /* Release */ = {
			isa = XCBuildConfiguration;
			baseConfigurationReference = 9CC290B02236A5A700279F90 /* Release.xcconfig */;
			buildSettings = {
				CODE_SIGN_STYLE = Automatic;
				DEVELOPMENT_TEAM = 76898M8GJ2;
				INFOPLIST_FILE = Glovo/Support/Info.plist;
				LD_RUNPATH_SEARCH_PATHS = (
					"$(inherited)",
					"@executable_path/Frameworks",
				);
				PRODUCT_NAME = "$(TARGET_NAME)";
				SWIFT_VERSION = 4.2;
				TARGETED_DEVICE_FAMILY = "1,2";
			};
			name = Release;
		};
		9C54BA8422367F4B002E27DE /* Debug */ = {
			isa = XCBuildConfiguration;
			baseConfigurationReference = BA59336280E6815F8D35A204 /* Pods-GlovoTests.debug.xcconfig */;
			buildSettings = {
				ALWAYS_EMBED_SWIFT_STANDARD_LIBRARIES = YES;
				BUNDLE_LOADER = "$(TEST_HOST)";
				CODE_SIGN_STYLE = Automatic;
				DEVELOPMENT_TEAM = 76898M8GJ2;
				INFOPLIST_FILE = GlovoTests/Info.plist;
				LD_RUNPATH_SEARCH_PATHS = (
					"$(inherited)",
					"@executable_path/Frameworks",
					"@loader_path/Frameworks",
				);
				PRODUCT_BUNDLE_IDENTIFIER = app.pesch.GlovoTests;
				PRODUCT_NAME = "$(TARGET_NAME)";
				SWIFT_VERSION = 4.2;
				TARGETED_DEVICE_FAMILY = "1,2";
				TEST_HOST = "$(BUILT_PRODUCTS_DIR)/Glovo.app/Glovo";
			};
			name = Debug;
		};
		9C54BA8522367F4B002E27DE /* Release */ = {
			isa = XCBuildConfiguration;
			baseConfigurationReference = 9DBA1E8F770F51C178AE42A8 /* Pods-GlovoTests.release.xcconfig */;
			buildSettings = {
				ALWAYS_EMBED_SWIFT_STANDARD_LIBRARIES = YES;
				BUNDLE_LOADER = "$(TEST_HOST)";
				CODE_SIGN_STYLE = Automatic;
				DEVELOPMENT_TEAM = 76898M8GJ2;
				INFOPLIST_FILE = GlovoTests/Info.plist;
				LD_RUNPATH_SEARCH_PATHS = (
					"$(inherited)",
					"@executable_path/Frameworks",
					"@loader_path/Frameworks",
				);
				PRODUCT_BUNDLE_IDENTIFIER = app.pesch.GlovoTests;
				PRODUCT_NAME = "$(TARGET_NAME)";
				SWIFT_VERSION = 4.2;
				TARGETED_DEVICE_FAMILY = "1,2";
				TEST_HOST = "$(BUILT_PRODUCTS_DIR)/Glovo.app/Glovo";
			};
			name = Release;
		};
/* End XCBuildConfiguration section */

/* Begin XCConfigurationList section */
		9C54BA5E22367F4A002E27DE /* Build configuration list for PBXProject "Glovo" */ = {
			isa = XCConfigurationList;
			buildConfigurations = (
				9C54BA7E22367F4B002E27DE /* Debug */,
				9C54BA7F22367F4B002E27DE /* Release */,
			);
			defaultConfigurationIsVisible = 0;
			defaultConfigurationName = Release;
		};
		9C54BA8022367F4B002E27DE /* Build configuration list for PBXNativeTarget "Glovo" */ = {
			isa = XCConfigurationList;
			buildConfigurations = (
				9C54BA8122367F4B002E27DE /* Debug */,
				9C54BA8222367F4B002E27DE /* Release */,
			);
			defaultConfigurationIsVisible = 0;
			defaultConfigurationName = Release;
		};
		9C54BA8322367F4B002E27DE /* Build configuration list for PBXNativeTarget "GlovoTests" */ = {
			isa = XCConfigurationList;
			buildConfigurations = (
				9C54BA8422367F4B002E27DE /* Debug */,
				9C54BA8522367F4B002E27DE /* Release */,
			);
			defaultConfigurationIsVisible = 0;
			defaultConfigurationName = Release;
		};
/* End XCConfigurationList section */
	};
	rootObject = 9C54BA5B22367F4A002E27DE /* Project object */;
}
